{
  "name": "HAVRYK VIKTOR",
  "lockfileVersion": 3,
  "requires": true,
  "packages": {
    "": {
      "dependencies": {
        "just-validate": "^4.2.0"
      }
    },
    "node_modules/just-validate": {
      "version": "4.2.0",
      "resolved": "https://registry.npmjs.org/just-validate/-/just-validate-4.2.0.tgz",
      "integrity": "sha512-ot4U9dAvveXlkA5tpiK1Obh+ZwJYBUsiS1sFjfY4RjkHwXLXGoEgOM4N85+9UCAu9JPGt/nfumqRZbruUT9gMA=="
    }
  }
}
